// !$*UTF8*$!
{
	archiveVersion = 1;
	classes = {
	};
	objectVersion = 55;
	objects = {

/* Begin PBXBuildFile section */
		865F767C2729CD8E00BAF1D6 /* ObjectContainer.swift in Sources */ = {isa = PBXBuildFile; fileRef = 865F767B2729CD8E00BAF1D6 /* ObjectContainer.swift */; };
		865F767D2729CD8E00BAF1D6 /* ObjectContainer.swift in Sources */ = {isa = PBXBuildFile; fileRef = 865F767B2729CD8E00BAF1D6 /* ObjectContainer.swift */; };
		865F76802729D38600BAF1D6 /* MapKit.framework in Frameworks */ = {isa = PBXBuildFile; fileRef = 865F767F2729D38600BAF1D6 /* MapKit.framework */; };
		86C156A42728702500270BDA /* MapViewModel.swift in Sources */ = {isa = PBXBuildFile; fileRef = 86C156A32728702500270BDA /* MapViewModel.swift */; };
		86C156A52728702500270BDA /* MapViewModel.swift in Sources */ = {isa = PBXBuildFile; fileRef = 86C156A32728702500270BDA /* MapViewModel.swift */; };
		86C2F3552730234100FD7B59 /* MapLocation.swift in Sources */ = {isa = PBXBuildFile; fileRef = 86C2F3542730234100FD7B59 /* MapLocation.swift */; };
		86C2F3562730234100FD7B59 /* MapLocation.swift in Sources */ = {isa = PBXBuildFile; fileRef = 86C2F3542730234100FD7B59 /* MapLocation.swift */; };
		86C2F3582730260900FD7B59 /* SearchBar.swift in Sources */ = {isa = PBXBuildFile; fileRef = 86C2F3572730260900FD7B59 /* SearchBar.swift */; };
		86C2F3592730260900FD7B59 /* SearchBar.swift in Sources */ = {isa = PBXBuildFile; fileRef = 86C2F3572730260900FD7B59 /* SearchBar.swift */; };
		86C2F35B2730263B00FD7B59 /* MapView.swift in Sources */ = {isa = PBXBuildFile; fileRef = 86C2F35A2730263B00FD7B59 /* MapView.swift */; };
		86C2F35C2730263B00FD7B59 /* MapView.swift in Sources */ = {isa = PBXBuildFile; fileRef = 86C2F35A2730263B00FD7B59 /* MapView.swift */; };
		86C2F35E2730268600FD7B59 /* BottomSheetView.swift in Sources */ = {isa = PBXBuildFile; fileRef = 86C2F35D2730268600FD7B59 /* BottomSheetView.swift */; };
		86C2F35F2730268600FD7B59 /* BottomSheetView.swift in Sources */ = {isa = PBXBuildFile; fileRef = 86C2F35D2730268600FD7B59 /* BottomSheetView.swift */; };
		86CF38FA271EFF20004690ED /* Tests_iOS.swift in Sources */ = {isa = PBXBuildFile; fileRef = 86CF38F9271EFF20004690ED /* Tests_iOS.swift */; };
		86CF38FC271EFF20004690ED /* Tests_iOSLaunchTests.swift in Sources */ = {isa = PBXBuildFile; fileRef = 86CF38FB271EFF20004690ED /* Tests_iOSLaunchTests.swift */; };
		86CF3906271EFF20004690ED /* Tests_macOS.swift in Sources */ = {isa = PBXBuildFile; fileRef = 86CF3905271EFF20004690ED /* Tests_macOS.swift */; };
		86CF3908271EFF20004690ED /* Tests_macOSLaunchTests.swift in Sources */ = {isa = PBXBuildFile; fileRef = 86CF3907271EFF20004690ED /* Tests_macOSLaunchTests.swift */; };
		86CF3909271EFF20004690ED /* mapsApp.swift in Sources */ = {isa = PBXBuildFile; fileRef = 86CF38E1271EFF18004690ED /* mapsApp.swift */; };
		86CF390A271EFF20004690ED /* mapsApp.swift in Sources */ = {isa = PBXBuildFile; fileRef = 86CF38E1271EFF18004690ED /* mapsApp.swift */; };
		86CF390B271EFF20004690ED /* ContentView.swift in Sources */ = {isa = PBXBuildFile; fileRef = 86CF38E2271EFF18004690ED /* ContentView.swift */; };
		86CF390C271EFF20004690ED /* ContentView.swift in Sources */ = {isa = PBXBuildFile; fileRef = 86CF38E2271EFF18004690ED /* ContentView.swift */; };
		86CF390D271EFF20004690ED /* Assets.xcassets in Resources */ = {isa = PBXBuildFile; fileRef = 86CF38E3271EFF20004690ED /* Assets.xcassets */; };
		86CF390E271EFF20004690ED /* Assets.xcassets in Resources */ = {isa = PBXBuildFile; fileRef = 86CF38E3271EFF20004690ED /* Assets.xcassets */; };
		86F17A5F272223EE00F7E2A4 /* Landmark.swift in Sources */ = {isa = PBXBuildFile; fileRef = 86F17A5E272223EE00F7E2A4 /* Landmark.swift */; };
		86F17A60272223EE00F7E2A4 /* Landmark.swift in Sources */ = {isa = PBXBuildFile; fileRef = 86F17A5E272223EE00F7E2A4 /* Landmark.swift */; };
/* End PBXBuildFile section */

/* Begin PBXContainerItemProxy section */
		86CF38F6271EFF20004690ED /* PBXContainerItemProxy */ = {
			isa = PBXContainerItemProxy;
			containerPortal = 86CF38DC271EFF17004690ED /* Project object */;
			proxyType = 1;
			remoteGlobalIDString = 86CF38E7271EFF20004690ED;
			remoteInfo = "maps (iOS)";
		};
		86CF3902271EFF20004690ED /* PBXContainerItemProxy */ = {
			isa = PBXContainerItemProxy;
			containerPortal = 86CF38DC271EFF17004690ED /* Project object */;
			proxyType = 1;
			remoteGlobalIDString = 86CF38ED271EFF20004690ED;
			remoteInfo = "maps (macOS)";
		};
/* End PBXContainerItemProxy section */

/* Begin PBXFileReference section */
		8652ED392727343B007CAB33 /* maps--iOS--Info.plist */ = {isa = PBXFileReference; lastKnownFileType = text.plist; path = "maps--iOS--Info.plist"; sourceTree = "<group>"; };
		865F767B2729CD8E00BAF1D6 /* ObjectContainer.swift */ = {isa = PBXFileReference; lastKnownFileType = sourcecode.swift; path = ObjectContainer.swift; sourceTree = "<group>"; };
		865F767F2729D38600BAF1D6 /* MapKit.framework */ = {isa = PBXFileReference; lastKnownFileType = wrapper.framework; name = MapKit.framework; path = Platforms/iPhoneOS.platform/Developer/SDKs/iPhoneOS15.0.sdk/System/Library/Frameworks/MapKit.framework; sourceTree = DEVELOPER_DIR; };
		86C156A32728702500270BDA /* MapViewModel.swift */ = {isa = PBXFileReference; lastKnownFileType = sourcecode.swift; path = MapViewModel.swift; sourceTree = "<group>"; };
		86C2F3542730234100FD7B59 /* MapLocation.swift */ = {isa = PBXFileReference; lastKnownFileType = sourcecode.swift; path = MapLocation.swift; sourceTree = "<group>"; };
		86C2F3572730260900FD7B59 /* SearchBar.swift */ = {isa = PBXFileReference; lastKnownFileType = sourcecode.swift; path = SearchBar.swift; sourceTree = "<group>"; };
		86C2F35A2730263B00FD7B59 /* MapView.swift */ = {isa = PBXFileReference; lastKnownFileType = sourcecode.swift; path = MapView.swift; sourceTree = "<group>"; };
		86C2F35D2730268600FD7B59 /* BottomSheetView.swift */ = {isa = PBXFileReference; lastKnownFileType = sourcecode.swift; path = BottomSheetView.swift; sourceTree = "<group>"; };
		86CF38E1271EFF18004690ED /* mapsApp.swift */ = {isa = PBXFileReference; lastKnownFileType = sourcecode.swift; path = mapsApp.swift; sourceTree = "<group>"; };
		86CF38E2271EFF18004690ED /* ContentView.swift */ = {isa = PBXFileReference; lastKnownFileType = sourcecode.swift; path = ContentView.swift; sourceTree = "<group>"; };
		86CF38E3271EFF20004690ED /* Assets.xcassets */ = {isa = PBXFileReference; lastKnownFileType = folder.assetcatalog; path = Assets.xcassets; sourceTree = "<group>"; };
		86CF38E8271EFF20004690ED /* maps.app */ = {isa = PBXFileReference; explicitFileType = wrapper.application; includeInIndex = 0; path = maps.app; sourceTree = BUILT_PRODUCTS_DIR; };
		86CF38EE271EFF20004690ED /* maps.app */ = {isa = PBXFileReference; explicitFileType = wrapper.application; includeInIndex = 0; path = maps.app; sourceTree = BUILT_PRODUCTS_DIR; };
		86CF38F0271EFF20004690ED /* macOS.entitlements */ = {isa = PBXFileReference; lastKnownFileType = text.plist.entitlements; path = macOS.entitlements; sourceTree = "<group>"; };
		86CF38F5271EFF20004690ED /* Tests iOS.xctest */ = {isa = PBXFileReference; explicitFileType = wrapper.cfbundle; includeInIndex = 0; path = "Tests iOS.xctest"; sourceTree = BUILT_PRODUCTS_DIR; };
		86CF38F9271EFF20004690ED /* Tests_iOS.swift */ = {isa = PBXFileReference; lastKnownFileType = sourcecode.swift; path = Tests_iOS.swift; sourceTree = "<group>"; };
		86CF38FB271EFF20004690ED /* Tests_iOSLaunchTests.swift */ = {isa = PBXFileReference; lastKnownFileType = sourcecode.swift; path = Tests_iOSLaunchTests.swift; sourceTree = "<group>"; };
		86CF3901271EFF20004690ED /* Tests macOS.xctest */ = {isa = PBXFileReference; explicitFileType = wrapper.cfbundle; includeInIndex = 0; path = "Tests macOS.xctest"; sourceTree = BUILT_PRODUCTS_DIR; };
		86CF3905271EFF20004690ED /* Tests_macOS.swift */ = {isa = PBXFileReference; lastKnownFileType = sourcecode.swift; path = Tests_macOS.swift; sourceTree = "<group>"; };
		86CF3907271EFF20004690ED /* Tests_macOSLaunchTests.swift */ = {isa = PBXFileReference; lastKnownFileType = sourcecode.swift; path = Tests_macOSLaunchTests.swift; sourceTree = "<group>"; };
		86F17A5E272223EE00F7E2A4 /* Landmark.swift */ = {isa = PBXFileReference; lastKnownFileType = sourcecode.swift; path = Landmark.swift; sourceTree = "<group>"; };
/* End PBXFileReference section */

/* Begin PBXFrameworksBuildPhase section */
		86CF38E5271EFF20004690ED /* Frameworks */ = {
			isa = PBXFrameworksBuildPhase;
			buildActionMask = 2147483647;
			files = (
				865F76802729D38600BAF1D6 /* MapKit.framework in Frameworks */,
			);
			runOnlyForDeploymentPostprocessing = 0;
		};
		86CF38EB271EFF20004690ED /* Frameworks */ = {
			isa = PBXFrameworksBuildPhase;
			buildActionMask = 2147483647;
			files = (
			);
			runOnlyForDeploymentPostprocessing = 0;
		};
		86CF38F2271EFF20004690ED /* Frameworks */ = {
			isa = PBXFrameworksBuildPhase;
			buildActionMask = 2147483647;
			files = (
			);
			runOnlyForDeploymentPostprocessing = 0;
		};
		86CF38FE271EFF20004690ED /* Frameworks */ = {
			isa = PBXFrameworksBuildPhase;
			buildActionMask = 2147483647;
			files = (
			);
			runOnlyForDeploymentPostprocessing = 0;
		};
/* End PBXFrameworksBuildPhase section */

/* Begin PBXGroup section */
		865F767E2729D38600BAF1D6 /* Frameworks */ = {
			isa = PBXGroup;
			children = (
				865F767F2729D38600BAF1D6 /* MapKit.framework */,
			);
			name = Frameworks;
			sourceTree = "<group>";
		};
		86CF38DB271EFF17004690ED = {
			isa = PBXGroup;
			children = (
				8652ED392727343B007CAB33 /* maps--iOS--Info.plist */,
				86CF38E0271EFF17004690ED /* Shared */,
				86CF38EF271EFF20004690ED /* macOS */,
				86CF38F8271EFF20004690ED /* Tests iOS */,
				86CF3904271EFF20004690ED /* Tests macOS */,
				86CF38E9271EFF20004690ED /* Products */,
				865F767E2729D38600BAF1D6 /* Frameworks */,
			);
			sourceTree = "<group>";
		};
		86CF38E0271EFF17004690ED /* Shared */ = {
			isa = PBXGroup;
			children = (
				86CF38E1271EFF18004690ED /* mapsApp.swift */,
				86CF38E2271EFF18004690ED /* ContentView.swift */,
				86CF38E3271EFF20004690ED /* Assets.xcassets */,
				86F17A5E272223EE00F7E2A4 /* Landmark.swift */,
				86C156A32728702500270BDA /* MapViewModel.swift */,
				865F767B2729CD8E00BAF1D6 /* ObjectContainer.swift */,
				86C2F3542730234100FD7B59 /* MapLocation.swift */,
				86C2F3572730260900FD7B59 /* SearchBar.swift */,
				86C2F35A2730263B00FD7B59 /* MapView.swift */,
				86C2F35D2730268600FD7B59 /* BottomSheetView.swift */,
			);
			path = Shared;
			sourceTree = "<group>";
		};
		86CF38E9271EFF20004690ED /* Products */ = {
			isa = PBXGroup;
			children = (
				86CF38E8271EFF20004690ED /* maps.app */,
				86CF38EE271EFF20004690ED /* maps.app */,
				86CF38F5271EFF20004690ED /* Tests iOS.xctest */,
				86CF3901271EFF20004690ED /* Tests macOS.xctest */,
			);
			name = Products;
			sourceTree = "<group>";
		};
		86CF38EF271EFF20004690ED /* macOS */ = {
			isa = PBXGroup;
			children = (
				86CF38F0271EFF20004690ED /* macOS.entitlements */,
			);
			path = macOS;
			sourceTree = "<group>";
		};
		86CF38F8271EFF20004690ED /* Tests iOS */ = {
			isa = PBXGroup;
			children = (
				86CF38F9271EFF20004690ED /* Tests_iOS.swift */,
				86CF38FB271EFF20004690ED /* Tests_iOSLaunchTests.swift */,
			);
			path = "Tests iOS";
			sourceTree = "<group>";
		};
		86CF3904271EFF20004690ED /* Tests macOS */ = {
			isa = PBXGroup;
			children = (
				86CF3905271EFF20004690ED /* Tests_macOS.swift */,
				86CF3907271EFF20004690ED /* Tests_macOSLaunchTests.swift */,
			);
			path = "Tests macOS";
			sourceTree = "<group>";
		};
/* End PBXGroup section */

/* Begin PBXNativeTarget section */
		86CF38E7271EFF20004690ED /* maps (iOS) */ = {
			isa = PBXNativeTarget;
			buildConfigurationList = 86CF3911271EFF20004690ED /* Build configuration list for PBXNativeTarget "maps (iOS)" */;
			buildPhases = (
				86CF38E4271EFF20004690ED /* Sources */,
				86CF38E5271EFF20004690ED /* Frameworks */,
				86CF38E6271EFF20004690ED /* Resources */,
			);
			buildRules = (
			);
			dependencies = (
			);
			name = "maps (iOS)";
			productName = "maps (iOS)";
			productReference = 86CF38E8271EFF20004690ED /* maps.app */;
			productType = "com.apple.product-type.application";
		};
		86CF38ED271EFF20004690ED /* maps (macOS) */ = {
			isa = PBXNativeTarget;
			buildConfigurationList = 86CF3914271EFF20004690ED /* Build configuration list for PBXNativeTarget "maps (macOS)" */;
			buildPhases = (
				86CF38EA271EFF20004690ED /* Sources */,
				86CF38EB271EFF20004690ED /* Frameworks */,
				86CF38EC271EFF20004690ED /* Resources */,
			);
			buildRules = (
			);
			dependencies = (
			);
			name = "maps (macOS)";
			productName = "maps (macOS)";
			productReference = 86CF38EE271EFF20004690ED /* maps.app */;
			productType = "com.apple.product-type.application";
		};
		86CF38F4271EFF20004690ED /* Tests iOS */ = {
			isa = PBXNativeTarget;
			buildConfigurationList = 86CF3917271EFF20004690ED /* Build configuration list for PBXNativeTarget "Tests iOS" */;
			buildPhases = (
				86CF38F1271EFF20004690ED /* Sources */,
				86CF38F2271EFF20004690ED /* Frameworks */,
				86CF38F3271EFF20004690ED /* Resources */,
			);
			buildRules = (
			);
			dependencies = (
				86CF38F7271EFF20004690ED /* PBXTargetDependency */,
			);
			name = "Tests iOS";
			productName = "Tests iOS";
			productReference = 86CF38F5271EFF20004690ED /* Tests iOS.xctest */;
			productType = "com.apple.product-type.bundle.ui-testing";
		};
		86CF3900271EFF20004690ED /* Tests macOS */ = {
			isa = PBXNativeTarget;
			buildConfigurationList = 86CF391A271EFF20004690ED /* Build configuration list for PBXNativeTarget "Tests macOS" */;
			buildPhases = (
				86CF38FD271EFF20004690ED /* Sources */,
				86CF38FE271EFF20004690ED /* Frameworks */,
				86CF38FF271EFF20004690ED /* Resources */,
			);
			buildRules = (
			);
			dependencies = (
				86CF3903271EFF20004690ED /* PBXTargetDependency */,
			);
			name = "Tests macOS";
			productName = "Tests macOS";
			productReference = 86CF3901271EFF20004690ED /* Tests macOS.xctest */;
			productType = "com.apple.product-type.bundle.ui-testing";
		};
/* End PBXNativeTarget section */

/* Begin PBXProject section */
		86CF38DC271EFF17004690ED /* Project object */ = {
			isa = PBXProject;
			attributes = {
				BuildIndependentTargetsInParallel = 1;
				LastSwiftUpdateCheck = 1300;
				LastUpgradeCheck = 1310;
				TargetAttributes = {
					86CF38E7271EFF20004690ED = {
						CreatedOnToolsVersion = 13.0;
					};
					86CF38ED271EFF20004690ED = {
						CreatedOnToolsVersion = 13.0;
					};
					86CF38F4271EFF20004690ED = {
						CreatedOnToolsVersion = 13.0;
						TestTargetID = 86CF38E7271EFF20004690ED;
					};
					86CF3900271EFF20004690ED = {
						CreatedOnToolsVersion = 13.0;
						TestTargetID = 86CF38ED271EFF20004690ED;
					};
				};
			};
			buildConfigurationList = 86CF38DF271EFF17004690ED /* Build configuration list for PBXProject "maps" */;
			compatibilityVersion = "Xcode 13.0";
			developmentRegion = en;
			hasScannedForEncodings = 0;
			knownRegions = (
				en,
				Base,
			);
			mainGroup = 86CF38DB271EFF17004690ED;
			productRefGroup = 86CF38E9271EFF20004690ED /* Products */;
			projectDirPath = "";
			projectRoot = "";
			targets = (
				86CF38E7271EFF20004690ED /* maps (iOS) */,
				86CF38ED271EFF20004690ED /* maps (macOS) */,
				86CF38F4271EFF20004690ED /* Tests iOS */,
				86CF3900271EFF20004690ED /* Tests macOS */,
			);
		};
/* End PBXProject section */

/* Begin PBXResourcesBuildPhase section */
		86CF38E6271EFF20004690ED /* Resources */ = {
			isa = PBXResourcesBuildPhase;
			buildActionMask = 2147483647;
			files = (
				86CF390D271EFF20004690ED /* Assets.xcassets in Resources */,
			);
			runOnlyForDeploymentPostprocessing = 0;
		};
		86CF38EC271EFF20004690ED /* Resources */ = {
			isa = PBXResourcesBuildPhase;
			buildActionMask = 2147483647;
			files = (
				86CF390E271EFF20004690ED /* Assets.xcassets in Resources */,
			);
			runOnlyForDeploymentPostprocessing = 0;
		};
		86CF38F3271EFF20004690ED /* Resources */ = {
			isa = PBXResourcesBuildPhase;
			buildActionMask = 2147483647;
			files = (
			);
			runOnlyForDeploymentPostprocessing = 0;
		};
		86CF38FF271EFF20004690ED /* Resources */ = {
			isa = PBXResourcesBuildPhase;
			buildActionMask = 2147483647;
			files = (
			);
			runOnlyForDeploymentPostprocessing = 0;
		};
/* End PBXResourcesBuildPhase section */

/* Begin PBXSourcesBuildPhase section */
		86CF38E4271EFF20004690ED /* Sources */ = {
			isa = PBXSourcesBuildPhase;
			buildActionMask = 2147483647;
			files = (
				86C2F3582730260900FD7B59 /* SearchBar.swift in Sources */,
				86C2F35B2730263B00FD7B59 /* MapView.swift in Sources */,
				86C2F35E2730268600FD7B59 /* BottomSheetView.swift in Sources */,
				86CF390B271EFF20004690ED /* ContentView.swift in Sources */,
				86C2F3552730234100FD7B59 /* MapLocation.swift in Sources */,
				865F767C2729CD8E00BAF1D6 /* ObjectContainer.swift in Sources */,
				86CF3909271EFF20004690ED /* mapsApp.swift in Sources */,
				86F17A5F272223EE00F7E2A4 /* Landmark.swift in Sources */,
				86C156A42728702500270BDA /* MapViewModel.swift in Sources */,
			);
			runOnlyForDeploymentPostprocessing = 0;
		};
		86CF38EA271EFF20004690ED /* Sources */ = {
			isa = PBXSourcesBuildPhase;
			buildActionMask = 2147483647;
			files = (
				86C2F3592730260900FD7B59 /* SearchBar.swift in Sources */,
				86C2F35C2730263B00FD7B59 /* MapView.swift in Sources */,
				86C2F35F2730268600FD7B59 /* BottomSheetView.swift in Sources */,
				86CF390C271EFF20004690ED /* ContentView.swift in Sources */,
				86C2F3562730234100FD7B59 /* MapLocation.swift in Sources */,
				865F767D2729CD8E00BAF1D6 /* ObjectContainer.swift in Sources */,
				86CF390A271EFF20004690ED /* mapsApp.swift in Sources */,
				86F17A60272223EE00F7E2A4 /* Landmark.swift in Sources */,
				86C156A52728702500270BDA /* MapViewModel.swift in Sources */,
			);
			runOnlyForDeploymentPostprocessing = 0;
		};
		86CF38F1271EFF20004690ED /* Sources */ = {
			isa = PBXSourcesBuildPhase;
			buildActionMask = 2147483647;
			files = (
				86CF38FC271EFF20004690ED /* Tests_iOSLaunchTests.swift in Sources */,
				86CF38FA271EFF20004690ED /* Tests_iOS.swift in Sources */,
			);
			runOnlyForDeploymentPostprocessing = 0;
		};
		86CF38FD271EFF20004690ED /* Sources */ = {
			isa = PBXSourcesBuildPhase;
			buildActionMask = 2147483647;
			files = (
				86CF3908271EFF20004690ED /* Tests_macOSLaunchTests.swift in Sources */,
				86CF3906271EFF20004690ED /* Tests_macOS.swift in Sources */,
			);
			runOnlyForDeploymentPostprocessing = 0;
		};
/* End PBXSourcesBuildPhase section */

/* Begin PBXTargetDependency section */
		86CF38F7271EFF20004690ED /* PBXTargetDependency */ = {
			isa = PBXTargetDependency;
			target = 86CF38E7271EFF20004690ED /* maps (iOS) */;
			targetProxy = 86CF38F6271EFF20004690ED /* PBXContainerItemProxy */;
		};
		86CF3903271EFF20004690ED /* PBXTargetDependency */ = {
			isa = PBXTargetDependency;
			target = 86CF38ED271EFF20004690ED /* maps (macOS) */;
			targetProxy = 86CF3902271EFF20004690ED /* PBXContainerItemProxy */;
		};
/* End PBXTargetDependency section */

/* Begin XCBuildConfiguration section */
		86CF390F271EFF20004690ED /* Debug */ = {
			isa = XCBuildConfiguration;
			buildSettings = {
				ALWAYS_SEARCH_USER_PATHS = NO;
				CLANG_ANALYZER_NONNULL = YES;
				CLANG_ANALYZER_NUMBER_OBJECT_CONVERSION = YES_AGGRESSIVE;
				CLANG_CXX_LANGUAGE_STANDARD = "gnu++17";
				CLANG_CXX_LIBRARY = "libc++";
				CLANG_ENABLE_MODULES = YES;
				CLANG_ENABLE_OBJC_ARC = YES;
				CLANG_ENABLE_OBJC_WEAK = YES;
				CLANG_WARN_BLOCK_CAPTURE_AUTORELEASING = YES;
				CLANG_WARN_BOOL_CONVERSION = YES;
				CLANG_WARN_COMMA = YES;
				CLANG_WARN_CONSTANT_CONVERSION = YES;
				CLANG_WARN_DEPRECATED_OBJC_IMPLEMENTATIONS = YES;
				CLANG_WARN_DIRECT_OBJC_ISA_USAGE = YES_ERROR;
				CLANG_WARN_DOCUMENTATION_COMMENTS = YES;
				CLANG_WARN_EMPTY_BODY = YES;
				CLANG_WARN_ENUM_CONVERSION = YES;
				CLANG_WARN_INFINITE_RECURSION = YES;
				CLANG_WARN_INT_CONVERSION = YES;
				CLANG_WARN_NON_LITERAL_NULL_CONVERSION = YES;
				CLANG_WARN_OBJC_IMPLICIT_RETAIN_SELF = YES;
				CLANG_WARN_OBJC_LITERAL_CONVERSION = YES;
				CLANG_WARN_OBJC_ROOT_CLASS = YES_ERROR;
				CLANG_WARN_QUOTED_INCLUDE_IN_FRAMEWORK_HEADER = YES;
				CLANG_WARN_RANGE_LOOP_ANALYSIS = YES;
				CLANG_WARN_STRICT_PROTOTYPES = YES;
				CLANG_WARN_SUSPICIOUS_MOVE = YES;
				CLANG_WARN_UNGUARDED_AVAILABILITY = YES_AGGRESSIVE;
				CLANG_WARN_UNREACHABLE_CODE = YES;
				CLANG_WARN__DUPLICATE_METHOD_MATCH = YES;
				COPY_PHASE_STRIP = NO;
				DEBUG_INFORMATION_FORMAT = dwarf;
				ENABLE_STRICT_OBJC_MSGSEND = YES;
				ENABLE_TESTABILITY = YES;
				GCC_C_LANGUAGE_STANDARD = gnu11;
				GCC_DYNAMIC_NO_PIC = NO;
				GCC_NO_COMMON_BLOCKS = YES;
				GCC_OPTIMIZATION_LEVEL = 0;
				GCC_PREPROCESSOR_DEFINITIONS = (
					"DEBUG=1",
					"$(inherited)",
				);
				GCC_WARN_64_TO_32_BIT_CONVERSION = YES;
				GCC_WARN_ABOUT_RETURN_TYPE = YES_ERROR;
				GCC_WARN_UNDECLARED_SELECTOR = YES;
				GCC_WARN_UNINITIALIZED_AUTOS = YES_AGGRESSIVE;
				GCC_WARN_UNUSED_FUNCTION = YES;
				GCC_WARN_UNUSED_VARIABLE = YES;
				MTL_ENABLE_DEBUG_INFO = INCLUDE_SOURCE;
				MTL_FAST_MATH = YES;
				ONLY_ACTIVE_ARCH = YES;
				SWIFT_ACTIVE_COMPILATION_CONDITIONS = DEBUG;
				SWIFT_OPTIMIZATION_LEVEL = "-Onone";
			};
			name = Debug;
		};
		86CF3910271EFF20004690ED /* Release */ = {
			isa = XCBuildConfiguration;
			buildSettings = {
				ALWAYS_SEARCH_USER_PATHS = NO;
				CLANG_ANALYZER_NONNULL = YES;
				CLANG_ANALYZER_NUMBER_OBJECT_CONVERSION = YES_AGGRESSIVE;
				CLANG_CXX_LANGUAGE_STANDARD = "gnu++17";
				CLANG_CXX_LIBRARY = "libc++";
				CLANG_ENABLE_MODULES = YES;
				CLANG_ENABLE_OBJC_ARC = YES;
				CLANG_ENABLE_OBJC_WEAK = YES;
				CLANG_WARN_BLOCK_CAPTURE_AUTORELEASING = YES;
				CLANG_WARN_BOOL_CONVERSION = YES;
				CLANG_WARN_COMMA = YES;
				CLANG_WARN_CONSTANT_CONVERSION = YES;
				CLANG_WARN_DEPRECATED_OBJC_IMPLEMENTATIONS = YES;
				CLANG_WARN_DIRECT_OBJC_ISA_USAGE = YES_ERROR;
				CLANG_WARN_DOCUMENTATION_COMMENTS = YES;
				CLANG_WARN_EMPTY_BODY = YES;
				CLANG_WARN_ENUM_CONVERSION = YES;
				CLANG_WARN_INFINITE_RECURSION = YES;
				CLANG_WARN_INT_CONVERSION = YES;
				CLANG_WARN_NON_LITERAL_NULL_CONVERSION = YES;
				CLANG_WARN_OBJC_IMPLICIT_RETAIN_SELF = YES;
				CLANG_WARN_OBJC_LITERAL_CONVERSION = YES;
				CLANG_WARN_OBJC_ROOT_CLASS = YES_ERROR;
				CLANG_WARN_QUOTED_INCLUDE_IN_FRAMEWORK_HEADER = YES;
				CLANG_WARN_RANGE_LOOP_ANALYSIS = YES;
				CLANG_WARN_STRICT_PROTOTYPES = YES;
				CLANG_WARN_SUSPICIOUS_MOVE = YES;
				CLANG_WARN_UNGUARDED_AVAILABILITY = YES_AGGRESSIVE;
				CLANG_WARN_UNREACHABLE_CODE = YES;
				CLANG_WARN__DUPLICATE_METHOD_MATCH = YES;
				COPY_PHASE_STRIP = NO;
				DEBUG_INFORMATION_FORMAT = "dwarf-with-dsym";
				ENABLE_NS_ASSERTIONS = NO;
				ENABLE_STRICT_OBJC_MSGSEND = YES;
				GCC_C_LANGUAGE_STANDARD = gnu11;
				GCC_NO_COMMON_BLOCKS = YES;
				GCC_WARN_64_TO_32_BIT_CONVERSION = YES;
				GCC_WARN_ABOUT_RETURN_TYPE = YES_ERROR;
				GCC_WARN_UNDECLARED_SELECTOR = YES;
				GCC_WARN_UNINITIALIZED_AUTOS = YES_AGGRESSIVE;
				GCC_WARN_UNUSED_FUNCTION = YES;
				GCC_WARN_UNUSED_VARIABLE = YES;
				MTL_ENABLE_DEBUG_INFO = NO;
				MTL_FAST_MATH = YES;
				SWIFT_COMPILATION_MODE = wholemodule;
				SWIFT_OPTIMIZATION_LEVEL = "-O";
			};
			name = Release;
		};
		86CF3912271EFF20004690ED /* Debug */ = {
			isa = XCBuildConfiguration;
			buildSettings = {
				ASSETCATALOG_COMPILER_APPICON_NAME = AppIcon;
				ASSETCATALOG_COMPILER_GLOBAL_ACCENT_COLOR_NAME = AccentColor;
				CODE_SIGN_STYLE = Automatic;
				CURRENT_PROJECT_VERSION = 1;
				DEVELOPMENT_TEAM = 8UF6K7CB33;
				ENABLE_PREVIEWS = YES;
				GENERATE_INFOPLIST_FILE = YES;
				INFOPLIST_FILE = "maps--iOS--Info.plist";
				INFOPLIST_KEY_NSLocationWhenInUseUsageDescription = "Utilize a localização para poder navegar pelo mapa";
				INFOPLIST_KEY_UIApplicationSceneManifest_Generation = YES;
				INFOPLIST_KEY_UIApplicationSupportsIndirectInputEvents = YES;
				INFOPLIST_KEY_UILaunchScreen_Generation = YES;
				INFOPLIST_KEY_UISupportedInterfaceOrientations_iPad = "UIInterfaceOrientationPortrait UIInterfaceOrientationPortraitUpsideDown UIInterfaceOrientationLandscapeLeft UIInterfaceOrientationLandscapeRight";
				INFOPLIST_KEY_UISupportedInterfaceOrientations_iPhone = "UIInterfaceOrientationPortrait UIInterfaceOrientationLandscapeLeft UIInterfaceOrientationLandscapeRight";
				IPHONEOS_DEPLOYMENT_TARGET = 14.0;
				LD_RUNPATH_SEARCH_PATHS = (
					"$(inherited)",
					"@executable_path/Frameworks",
				);
				MARKETING_VERSION = 1.0;
				PRODUCT_BUNDLE_IDENTIFIER = com.anthonyjose.maps;
				PRODUCT_NAME = maps;
				SDKROOT = iphoneos;
				SWIFT_EMIT_LOC_STRINGS = YES;
				SWIFT_VERSION = 5.0;
				TARGETED_DEVICE_FAMILY = "1,2";
			};
			name = Debug;
		};
		86CF3913271EFF20004690ED /* Release */ = {
			isa = XCBuildConfiguration;
			buildSettings = {
				ASSETCATALOG_COMPILER_APPICON_NAME = AppIcon;
				ASSETCATALOG_COMPILER_GLOBAL_ACCENT_COLOR_NAME = AccentColor;
				CODE_SIGN_STYLE = Automatic;
				CURRENT_PROJECT_VERSION = 1;
				DEVELOPMENT_TEAM = 8UF6K7CB33;
				ENABLE_PREVIEWS = YES;
				GENERATE_INFOPLIST_FILE = YES;
				INFOPLIST_FILE = "maps--iOS--Info.plist";
				INFOPLIST_KEY_NSLocationWhenInUseUsageDescription = "Utilize a localização para poder navegar pelo mapa";
				INFOPLIST_KEY_UIApplicationSceneManifest_Generation = YES;
				INFOPLIST_KEY_UIApplicationSupportsIndirectInputEvents = YES;
				INFOPLIST_KEY_UILaunchScreen_Generation = YES;
				INFOPLIST_KEY_UISupportedInterfaceOrientations_iPad = "UIInterfaceOrientationPortrait UIInterfaceOrientationPortraitUpsideDown UIInterfaceOrientationLandscapeLeft UIInterfaceOrientationLandscapeRight";
				INFOPLIST_KEY_UISupportedInterfaceOrientations_iPhone = "UIInterfaceOrientationPortrait UIInterfaceOrientationLandscapeLeft UIInterfaceOrientationLandscapeRight";
				IPHONEOS_DEPLOYMENT_TARGET = 14.0;
				LD_RUNPATH_SEARCH_PATHS = (
					"$(inherited)",
					"@executable_path/Frameworks",
				);
				MARKETING_VERSION = 1.0;
				PRODUCT_BUNDLE_IDENTIFIER = com.anthonyjose.maps;
				PRODUCT_NAME = maps;
				SDKROOT = iphoneos;
				SWIFT_EMIT_LOC_STRINGS = YES;
				SWIFT_VERSION = 5.0;
				TARGETED_DEVICE_FAMILY = "1,2";
				VALIDATE_PRODUCT = YES;
			};
			name = Release;
		};
		86CF3915271EFF20004690ED /* Debug */ = {
			isa = XCBuildConfiguration;
			buildSettings = {
				ASSETCATALOG_COMPILER_APPICON_NAME = AppIcon;
				ASSETCATALOG_COMPILER_GLOBAL_ACCENT_COLOR_NAME = AccentColor;
				CODE_SIGN_ENTITLEMENTS = macOS/macOS.entitlements;
				CODE_SIGN_IDENTITY = "-";
				CODE_SIGN_STYLE = Automatic;
				COMBINE_HIDPI_IMAGES = YES;
				CURRENT_PROJECT_VERSION = 1;
				DEVELOPMENT_TEAM = 8UF6K7CB33;
				ENABLE_HARDENED_RUNTIME = YES;
				ENABLE_PREVIEWS = YES;
				GENERATE_INFOPLIST_FILE = YES;
				INFOPLIST_KEY_NSHumanReadableCopyright = "";
				LD_RUNPATH_SEARCH_PATHS = (
					"$(inherited)",
					"@executable_path/../Frameworks",
				);
				MACOSX_DEPLOYMENT_TARGET = 11.0;
				MARKETING_VERSION = 1.0;
				PRODUCT_BUNDLE_IDENTIFIER = com.anthonyjose.maps;
				PRODUCT_NAME = maps;
				SDKROOT = macosx;
				SWIFT_EMIT_LOC_STRINGS = YES;
				SWIFT_VERSION = 5.0;
			};
			name = Debug;
		};
		86CF3916271EFF20004690ED /* Release */ = {
			isa = XCBuildConfiguration;
			buildSettings = {
				ASSETCATALOG_COMPILER_APPICON_NAME = AppIcon;
				ASSETCATALOG_COMPILER_GLOBAL_ACCENT_COLOR_NAME = AccentColor;
				CODE_SIGN_ENTITLEMENTS = macOS/macOS.entitlements;
				CODE_SIGN_IDENTITY = "-";
				CODE_SIGN_STYLE = Automatic;
				COMBINE_HIDPI_IMAGES = YES;
				CURRENT_PROJECT_VERSION = 1;
				DEVELOPMENT_TEAM = 8UF6K7CB33;
				ENABLE_HARDENED_RUNTIME = YES;
				ENABLE_PREVIEWS = YES;
				GENERATE_INFOPLIST_FILE = YES;
				INFOPLIST_KEY_NSHumanReadableCopyright = "";
				LD_RUNPATH_SEARCH_PATHS = (
					"$(inherited)",
					"@executable_path/../Frameworks",
				);
				MACOSX_DEPLOYMENT_TARGET = 11.0;
				MARKETING_VERSION = 1.0;
				PRODUCT_BUNDLE_IDENTIFIER = com.anthonyjose.maps;
				PRODUCT_NAME = maps;
				SDKROOT = macosx;
				SWIFT_EMIT_LOC_STRINGS = YES;
				SWIFT_VERSION = 5.0;
			};
			name = Release;
		};
		86CF3918271EFF20004690ED /* Debug */ = {
			isa = XCBuildConfiguration;
			buildSettings = {
				ALWAYS_EMBED_SWIFT_STANDARD_LIBRARIES = YES;
				CODE_SIGN_STYLE = Automatic;
				CURRENT_PROJECT_VERSION = 1;
				DEVELOPMENT_TEAM = 8UF6K7CB33;
				GENERATE_INFOPLIST_FILE = YES;
				IPHONEOS_DEPLOYMENT_TARGET = 15.0;
				LD_RUNPATH_SEARCH_PATHS = (
					"$(inherited)",
					"@executable_path/Frameworks",
					"@loader_path/Frameworks",
				);
				MARKETING_VERSION = 1.0;
				PRODUCT_BUNDLE_IDENTIFIER = "com.anthonyjose.Tests-iOS";
				PRODUCT_NAME = "$(TARGET_NAME)";
				SDKROOT = iphoneos;
				SWIFT_EMIT_LOC_STRINGS = NO;
				SWIFT_VERSION = 5.0;
				TARGETED_DEVICE_FAMILY = "1,2";
				TEST_TARGET_NAME = "maps (iOS)";
			};
			name = Debug;
		};
		86CF3919271EFF20004690ED /* Release */ = {
			isa = XCBuildConfiguration;
			buildSettings = {
				ALWAYS_EMBED_SWIFT_STANDARD_LIBRARIES = YES;
				CODE_SIGN_STYLE = Automatic;
				CURRENT_PROJECT_VERSION = 1;
				DEVELOPMENT_TEAM = 8UF6K7CB33;
				GENERATE_INFOPLIST_FILE = YES;
				IPHONEOS_DEPLOYMENT_TARGET = 15.0;
				LD_RUNPATH_SEARCH_PATHS = (
					"$(inherited)",
					"@executable_path/Frameworks",
					"@loader_path/Frameworks",
				);
				MARKETING_VERSION = 1.0;
				PRODUCT_BUNDLE_IDENTIFIER = "com.anthonyjose.Tests-iOS";
				PRODUCT_NAME = "$(TARGET_NAME)";
				SDKROOT = iphoneos;
				SWIFT_EMIT_LOC_STRINGS = NO;
				SWIFT_VERSION = 5.0;
				TARGETED_DEVICE_FAMILY = "1,2";
				TEST_TARGET_NAME = "maps (iOS)";
				VALIDATE_PRODUCT = YES;
			};
			name = Release;
		};
		86CF391B271EFF20004690ED /* Debug */ = {
			isa = XCBuildConfiguration;
			buildSettings = {
				ALWAYS_EMBED_SWIFT_STANDARD_LIBRARIES = YES;
				CODE_SIGN_STYLE = Automatic;
				COMBINE_HIDPI_IMAGES = YES;
				CURRENT_PROJECT_VERSION = 1;
				DEVELOPMENT_TEAM = 8UF6K7CB33;
				GENERATE_INFOPLIST_FILE = YES;
				LD_RUNPATH_SEARCH_PATHS = (
					"$(inherited)",
					"@executable_path/../Frameworks",
					"@loader_path/../Frameworks",
				);
				MACOSX_DEPLOYMENT_TARGET = 11.3;
				MARKETING_VERSION = 1.0;
				PRODUCT_BUNDLE_IDENTIFIER = "com.anthonyjose.Tests-macOS";
				PRODUCT_NAME = "$(TARGET_NAME)";
				SDKROOT = macosx;
				SWIFT_EMIT_LOC_STRINGS = NO;
				SWIFT_VERSION = 5.0;
				TEST_TARGET_NAME = "maps (macOS)";
			};
			name = Debug;
		};
		86CF391C271EFF20004690ED /* Release */ = {
			isa = XCBuildConfiguration;
			buildSettings = {
				ALWAYS_EMBED_SWIFT_STANDARD_LIBRARIES = YES;
				CODE_SIGN_STYLE = Automatic;
				COMBINE_HIDPI_IMAGES = YES;
				CURRENT_PROJECT_VERSION = 1;
				DEVELOPMENT_TEAM = 8UF6K7CB33;
				GENERATE_INFOPLIST_FILE = YES;
				LD_RUNPATH_SEARCH_PATHS = (
					"$(inherited)",
					"@executable_path/../Frameworks",
					"@loader_path/../Frameworks",
				);
				MACOSX_DEPLOYMENT_TARGET = 11.3;
				MARKETING_VERSION = 1.0;
				PRODUCT_BUNDLE_IDENTIFIER = "com.anthonyjose.Tests-macOS";
				PRODUCT_NAME = "$(TARGET_NAME)";
				SDKROOT = macosx;
				SWIFT_EMIT_LOC_STRINGS = NO;
				SWIFT_VERSION = 5.0;
				TEST_TARGET_NAME = "maps (macOS)";
			};
			name = Release;
		};
/* End XCBuildConfiguration section */

/* Begin XCConfigurationList section */
		86CF38DF271EFF17004690ED /* Build configuration list for PBXProject "maps" */ = {
			isa = XCConfigurationList;
			buildConfigurations = (
				86CF390F271EFF20004690ED /* Debug */,
				86CF3910271EFF20004690ED /* Release */,
			);
			defaultConfigurationIsVisible = 0;
			defaultConfigurationName = Release;
		};
		86CF3911271EFF20004690ED /* Build configuration list for PBXNativeTarget "maps (iOS)" */ = {
			isa = XCConfigurationList;
			buildConfigurations = (
				86CF3912271EFF20004690ED /* Debug */,
				86CF3913271EFF20004690ED /* Release */,
			);
			defaultConfigurationIsVisible = 0;
			defaultConfigurationName = Release;
		};
		86CF3914271EFF20004690ED /* Build configuration list for PBXNativeTarget "maps (macOS)" */ = {
			isa = XCConfigurationList;
			buildConfigurations = (
				86CF3915271EFF20004690ED /* Debug */,
				86CF3916271EFF20004690ED /* Release */,
			);
			defaultConfigurationIsVisible = 0;
			defaultConfigurationName = Release;
		};
		86CF3917271EFF20004690ED /* Build configuration list for PBXNativeTarget "Tests iOS" */ = {
			isa = XCConfigurationList;
			buildConfigurations = (
				86CF3918271EFF20004690ED /* Debug */,
				86CF3919271EFF20004690ED /* Release */,
			);
			defaultConfigurationIsVisible = 0;
			defaultConfigurationName = Release;
		};
		86CF391A271EFF20004690ED /* Build configuration list for PBXNativeTarget "Tests macOS" */ = {
			isa = XCConfigurationList;
			buildConfigurations = (
				86CF391B271EFF20004690ED /* Debug */,
				86CF391C271EFF20004690ED /* Release */,
			);
			defaultConfigurationIsVisible = 0;
			defaultConfigurationName = Release;
		};
/* End XCConfigurationList section */
	};
	rootObject = 86CF38DC271EFF17004690ED /* Project object */;
}
